
Microsoft Visual Studio Solution File, Format Version 12.00
Project("{FAE04EC0-301F-11D3-BF4B-00C04F79EFBC}") = "SimpleFocus.Wpf", "SimpleFocus.Wpf\SimpleFocus.Wpf.csproj", "{B63C9804-5420-4A9B-A8DD-F0D1884B275C}"
EndProject
Project("{2150E333-8FDC-42A3-9474-1A3956D46DE8}") = "_", "_", "{170C138B-986B-4290-AC7C-8D6FC5564D0A}"
ProjectSection(SolutionItems) = preProject
	readme.md = readme.md
EndProjectSection
EndProject
Global
	GlobalSection(SolutionConfigurationPlatforms) = preSolution
		Debug|Any CPU = Debug|Any CPU
		Release|Any CPU = Release|Any CPU
	EndGlobalSection
	GlobalSection(ProjectConfigurationPlatforms) = postSolution
		{B63C9804-5420-4A9B-A8DD-F0D1884B275C}.Release|Any CPU.ActiveCfg = Release|Any CPU
		{B63C9804-5420-4A9B-A8DD-F0D1884B275C}.Release|Any CPU.Build.0 = Release|Any CPU
		{B63C9804-5420-4A9B-A8DD-F0D1884B275C}.Debug|Any CPU.ActiveCfg = Debug|Any CPU
		{B63C9804-5420-4A9B-A8DD-F0D1884B275C}.Debug|Any CPU.Build.0 = Debug|Any CPU
	EndGlobalSection
EndGlobal
